
Microsoft Visual Studio Solution File, Format Version 12.00
# Visual Studio 2012
Project("{8BC9CEB8-8B4A-11D0-8D11-00A0C91BC942}") = "assign2ModernOpenGL", "assign2ModernOpenGL\assign2ModernOpenGL.vcxproj", "{0C7CE003-480F-4FDC-B59A-571F9D465DB9}"
EndProject
Global
	GlobalSection(SolutionConfigurationPlatforms) = preSolution
		Debug|Win32 = Debug|Win32
		Release|Win32 = Release|Win32
	EndGlobalSection
	GlobalSection(ProjectConfigurationPlatforms) = postSolution
		{0C7CE003-480F-4FDC-B59A-571F9D465DB9}.Debug|Win32.ActiveCfg = Debug|Win32
		{0C7CE003-480F-4FDC-B59A-571F9D465DB9}.Debug|Win32.Build.0 = Debug|Win32
		{0C7CE003-480F-4FDC-B59A-571F9D465DB9}.Release|Win32.ActiveCfg = Release|Win32
		{0C7CE003-480F-4FDC-B59A-571F9D465DB9}.Release|Win32.Build.0 = Release|Win32
	EndGlobalSection
	GlobalSection(SolutionProperties) = preSolution
		HideSolutionNode = FALSE
	EndGlobalSection
EndGlobal
